<?xml version="1.0" encoding="utf-8"?>
<Project ToolsVersion="4.0" xmlns="http://schemas.microsoft.com/developer/msbuild/2003">
  <ItemGroup>
    <Filter Include="Renderer">
      <UniqueIdentifier>{dc991ecd-f749-4157-adc9-341e958040f0}</UniqueIdentifier>
    </Filter>
    <Filter Include="Sys">
      <UniqueIdentifier>{a167cd49-1183-4993-9fd8-60a44445a7fa}</UniqueIdentifier>
      <Extensions>cpp;c;cxx;rc;def;r;odl;idl;hpj;bat</Extensions>
    </Filter>
  </ItemGroup>
  <ItemGroup>
    <ClCompile Include="..\win32\win_gamma.c">
      <Filter>Sys</Filter>
    </ClCompile>
    <ClCompile Include="..\win32\win_glimp.c">
      <Filter>Sys</Filter>
    </ClCompile>
    <ClCompile Include="..\win32\win_qgl.c">
      <Filter>Sys</Filter>
    </ClCompile>
    <ClCompile Include="tr_world.c">
      <Filter>Renderer</Filter>
    </ClCompile>
    <ClCompile Include="tr_animation.c">
      <Filter>Renderer</Filter>
    </ClCompile>
    <ClCompile Include="tr_backend.c">
      <Filter>Renderer</Filter>
    </ClCompile>
    <ClCompile Include="tr_bsp.c">
      <Filter>Renderer</Filter>
    </ClCompile>
    <ClCompile Include="tr_cmds.c">
      <Filter>Renderer</Filter>
    </ClCompile>
    <ClCompile Include="tr_curve.c">
      <Filter>Renderer</Filter>
    </ClCompile>
    <ClCompile Include="tr_flares.c">
      <Filter>Renderer</Filter>
    </ClCompile>
    <ClCompile Include="tr_font.c">
      <Filter>Renderer</Filter>
    </ClCompile>
    <ClCompile Include="tr_image.c">
      <Filter>Renderer</Filter>
    </ClCompile>
    <ClCompile Include="tr_init.c">
      <Filter>Renderer</Filter>
    </ClCompile>
    <ClCompile Include="tr_light.c">
      <Filter>Renderer</Filter>
    </ClCompile>
    <ClCompile Include="tr_main.c">
      <Filter>Renderer</Filter>
    </ClCompile>
    <ClCompile Include="tr_marks.c">
      <Filter>Renderer</Filter>
    </ClCompile>
    <ClCompile Include="tr_mesh.c">
      <Filter>Renderer</Filter>
    </ClCompile>
    <ClCompile Include="tr_model.c">
      <Filter>Renderer</Filter>
    </ClCompile>
    <ClCompile Include="tr_noise.c">
      <Filter>Renderer</Filter>
    </ClCompile>
    <ClCompile Include="tr_scene.c">
      <Filter>Renderer</Filter>
    </ClCompile>
    <ClCompile Include="tr_shade.c">
      <Filter>Renderer</Filter>
    </ClCompile>
    <ClCompile Include="tr_shade_calc.c">
      <Filter>Renderer</Filter>
    </ClCompile>
    <ClCompile Include="tr_shader.c">
      <Filter>Renderer</Filter>
    </ClCompile>
    <ClCompile Include="tr_shadows.c">
      <Filter>Renderer</Filter>
    </ClCompile>
    <ClCompile Include="tr_sky.c">
      <Filter>Renderer</Filter>
    </ClCompile>
    <ClCompile Include="tr_surface.c">
      <Filter>Renderer</Filter>
    </ClCompile>
  </ItemGroup>
  <ItemGroup>
    <ClInclude Include="..\cgame\tr_types.h">
      <Filter>Renderer</Filter>
    </ClInclude>
    <ClInclude Include="tr_local.h">
      <Filter>Renderer</Filter>
    </ClInclude>
    <ClInclude Include="tr_public.h">
      <Filter>Renderer</Filter>
    </ClInclude>
    <ClInclude Include="..\game\surfaceflags.h">
      <Filter>Renderer</Filter>
    </ClInclude>
    <ClInclude Include="qgl.h">
      <Filter>Renderer</Filter>
    </ClInclude>
    <ClInclude Include="..\win32\win_local.h">
      <Filter>Sys</Filter>
    </ClInclude>
    <ClInclude Include="..\win32\glw_win.h">
      <Filter>Sys</Filter>
    </ClInclude>
  </ItemGroup>
  <ItemGroup>
    <None Include="ref_trin.def" />
  </ItemGroup>
</Project>