<?xml version="1.0" encoding="utf-8"?>
<Project ToolsVersion="4.0" xmlns="http://schemas.microsoft.com/developer/msbuild/2003">
  <ItemGroup>
    <Filter Include="Client">
      <UniqueIdentifier>{aff93717-b146-4904-af14-d62ab21632ce}</UniqueIdentifier>
    </Filter>
    <Filter Include="Server">
      <UniqueIdentifier>{818e0fdd-e880-46d3-b60b-7e097da71b6d}</UniqueIdentifier>
    </Filter>
    <Filter Include="Sound">
      <UniqueIdentifier>{57f78b5a-f61c-417d-a03f-bc8721792aaf}</UniqueIdentifier>
    </Filter>
    <Filter Include="Sys">
      <UniqueIdentifier>{4830999a-20b5-4022-8fe0-3603e43a9775}</UniqueIdentifier>
      <Extensions>cpp;c;cxx;rc;def;r;odl;hpj;bat;for;f90</Extensions>
    </Filter>
    <Filter Include="Sys\Res">
      <UniqueIdentifier>{3fb3ee1f-4ded-4ec0-bf8c-58be11469332}</UniqueIdentifier>
      <Extensions>ico;cur;bmp;dlg;rc2;rct;bin;cnt;rtf;gif;jpg;jpeg;jpe</Extensions>
    </Filter>
    <Filter Include="CM">
      <UniqueIdentifier>{1dee053c-ca90-4545-ad7e-33355213c9de}</UniqueIdentifier>
    </Filter>
    <Filter Include="Common">
      <UniqueIdentifier>{edcd63e9-4f23-43da-acb1-7138fc75d9ee}</UniqueIdentifier>
    </Filter>
    <Filter Include="UI">
      <UniqueIdentifier>{3107f341-504b-43f0-9368-0f656fc9dc25}</UniqueIdentifier>
    </Filter>
    <Filter Include="Renderer">
      <UniqueIdentifier>{2d8175eb-cbe6-4704-9791-f48c74112333}</UniqueIdentifier>
    </Filter>
  </ItemGroup>
  <ItemGroup>
    <ClCompile Include="win32\win_input.c">
      <Filter>Sys</Filter>
    </ClCompile>
    <ClCompile Include="win32\win_main.c">
      <Filter>Sys</Filter>
    </ClCompile>
    <ClCompile Include="win32\win_net.c">
      <Filter>Sys</Filter>
    </ClCompile>
    <ClCompile Include="win32\win_shared.c">
      <Filter>Sys</Filter>
    </ClCompile>
    <ClCompile Include="win32\win_snd.c">
      <Filter>Sys</Filter>
    </ClCompile>
    <ClCompile Include="win32\win_syscon.c">
      <Filter>Sys</Filter>
    </ClCompile>
    <ClCompile Include="win32\win_wndproc.c">
      <Filter>Sys</Filter>
    </ClCompile>
    <ClCompile Include="client\cl_cgame.c">
      <Filter>Client</Filter>
    </ClCompile>
    <ClCompile Include="client\cl_cin.c">
      <Filter>Client</Filter>
    </ClCompile>
    <ClCompile Include="client\cl_console.c">
      <Filter>Client</Filter>
    </ClCompile>
    <ClCompile Include="client\cl_input.c">
      <Filter>Client</Filter>
    </ClCompile>
    <ClCompile Include="client\cl_keys.c">
      <Filter>Client</Filter>
    </ClCompile>
    <ClCompile Include="client\cl_main.c">
      <Filter>Client</Filter>
    </ClCompile>
    <ClCompile Include="client\cl_net_chan.c">
      <Filter>Client</Filter>
    </ClCompile>
    <ClCompile Include="client\cl_parse.c">
      <Filter>Client</Filter>
    </ClCompile>
    <ClCompile Include="client\cl_scrn.c">
      <Filter>Client</Filter>
    </ClCompile>
    <ClCompile Include="client\cl_ui.c">
      <Filter>Client</Filter>
    </ClCompile>
    <ClCompile Include="server\sv_world.c">
      <Filter>Server</Filter>
    </ClCompile>
    <ClCompile Include="server\sv_bot.c">
      <Filter>Server</Filter>
    </ClCompile>
    <ClCompile Include="server\sv_ccmds.c">
      <Filter>Server</Filter>
    </ClCompile>
    <ClCompile Include="server\sv_client.c">
      <Filter>Server</Filter>
    </ClCompile>
    <ClCompile Include="server\sv_game.c">
      <Filter>Server</Filter>
    </ClCompile>
    <ClCompile Include="server\sv_init.c">
      <Filter>Server</Filter>
    </ClCompile>
    <ClCompile Include="server\sv_main.c">
      <Filter>Server</Filter>
    </ClCompile>
    <ClCompile Include="server\sv_net_chan.c">
      <Filter>Server</Filter>
    </ClCompile>
    <ClCompile Include="server\sv_snapshot.c">
      <Filter>Server</Filter>
    </ClCompile>
    <ClCompile Include="client\snd_wavelet.c">
      <Filter>Sound</Filter>
    </ClCompile>
    <ClCompile Include="client\snd_adpcm.c">
      <Filter>Sound</Filter>
    </ClCompile>
    <ClCompile Include="client\snd_dma.c">
      <Filter>Sound</Filter>
    </ClCompile>
    <ClCompile Include="client\snd_mem.c">
      <Filter>Sound</Filter>
    </ClCompile>
    <ClCompile Include="client\snd_mix.c">
      <Filter>Sound</Filter>
    </ClCompile>
    <ClCompile Include="qcommon\unzip.c">
      <Filter>Common</Filter>
    </ClCompile>
    <ClCompile Include="game\q_shared.c">
      <Filter>Common</Filter>
    </ClCompile>
    <ClCompile Include="game\q_math.c">
      <Filter>Common</Filter>
    </ClCompile>
    <ClCompile Include="qcommon\net_chan.c">
      <Filter>Common</Filter>
    </ClCompile>
    <ClCompile Include="qcommon\msg.c">
      <Filter>Common</Filter>
    </ClCompile>
    <ClCompile Include="qcommon\md4.c">
      <Filter>Common</Filter>
    </ClCompile>
    <ClCompile Include="qcommon\huffman.c">
      <Filter>Common</Filter>
    </ClCompile>
    <ClCompile Include="qcommon\files.c">
      <Filter>Common</Filter>
    </ClCompile>
    <ClCompile Include="qcommon\cvar.c">
      <Filter>Common</Filter>
    </ClCompile>
    <ClCompile Include="qcommon\common.c">
      <Filter>Common</Filter>
    </ClCompile>
    <ClCompile Include="qcommon\cmd.c">
      <Filter>Common</Filter>
    </ClCompile>
    <ClCompile Include="qcommon\cm_load.c">
      <Filter>CM</Filter>
    </ClCompile>
    <ClCompile Include="qcommon\cm_patch.c">
      <Filter>CM</Filter>
    </ClCompile>
    <ClCompile Include="qcommon\cm_polylib.c">
      <Filter>CM</Filter>
    </ClCompile>
    <ClCompile Include="qcommon\cm_test.c">
      <Filter>CM</Filter>
    </ClCompile>
    <ClCompile Include="qcommon\cm_trace.c">
      <Filter>CM</Filter>
    </ClCompile>
  </ItemGroup>
  <ItemGroup>
    <ClInclude Include="qcommon\unzip.h">
      <Filter>Common</Filter>
    </ClInclude>
    <ClInclude Include="win32\win_local.h">
      <Filter>Sys</Filter>
    </ClInclude>
    <ClInclude Include="qcommon\qcommon.h">
      <Filter>Common</Filter>
    </ClInclude>
    <ClInclude Include="renderer\qgl.h">
      <Filter>Common</Filter>
    </ClInclude>
    <ClInclude Include="qcommon\qfiles.h">
      <Filter>Common</Filter>
    </ClInclude>
    <ClInclude Include="client\snd_public.h">
      <Filter>Sound</Filter>
    </ClInclude>
    <ClInclude Include="client\snd_local.h">
      <Filter>Sound</Filter>
    </ClInclude>
    <ClInclude Include="qcommon\cm_local.h">
      <Filter>CM</Filter>
    </ClInclude>
    <ClInclude Include="qcommon\cm_patch.h">
      <Filter>CM</Filter>
    </ClInclude>
    <ClInclude Include="qcommon\cm_polylib.h">
      <Filter>CM</Filter>
    </ClInclude>
    <ClInclude Include="qcommon\cm_public.h">
      <Filter>CM</Filter>
    </ClInclude>
    <ClInclude Include="client\client.h">
      <Filter>Client</Filter>
    </ClInclude>
    <ClInclude Include="client\keys.h">
      <Filter>Client</Filter>
    </ClInclude>
    <ClInclude Include="ui\ui_public.h">
      <Filter>UI</Filter>
    </ClInclude>
    <ClInclude Include="ui\keycodes.h">
      <Filter>UI</Filter>
    </ClInclude>
    <ClInclude Include="server\server.h">
      <Filter>Server</Filter>
    </ClInclude>
    <ClInclude Include="win32\resource.h">
      <Filter>Sys\Res</Filter>
    </ClInclude>
    <ClInclude Include="cgame\tr_types.h">
      <Filter>Renderer</Filter>
    </ClInclude>
    <ClInclude Include="renderer\tr_local.h">
      <Filter>Renderer</Filter>
    </ClInclude>
    <ClInclude Include="renderer\tr_public.h">
      <Filter>Renderer</Filter>
    </ClInclude>
  </ItemGroup>
  <ItemGroup>
    <None Include="win32\cursor2.cur">
      <Filter>Sys\Res</Filter>
    </None>
    <None Include="win32\cursor3.cur">
      <Filter>Sys\Res</Filter>
    </None>
    <None Include="win32\qe3.ico">
      <Filter>Sys\Res</Filter>
    </None>
  </ItemGroup>
  <ItemGroup>
    <ResourceCompile Include="win32\winquake.rc">
      <Filter>Sys\Res</Filter>
    </ResourceCompile>
  </ItemGroup>
</Project>