<?xml version="1.0" encoding="utf-8"?>
<Project ToolsVersion="4.0" xmlns="http://schemas.microsoft.com/developer/msbuild/2003">
  <ItemGroup>
    <Filter Include="BotLib">
      <UniqueIdentifier>{b4dc1c22-3893-4a8e-ba21-ac34b1aea28d}</UniqueIdentifier>
      <Extensions>cpp;c;cxx;rc;def;r;odl;idl;hpj;bat</Extensions>
    </Filter>
  </ItemGroup>
  <ItemGroup>
    <ClCompile Include="be_aas_bspq3.c">
      <Filter>BotLib</Filter>
    </ClCompile>
    <ClCompile Include="be_aas_cluster.c">
      <Filter>BotLib</Filter>
    </ClCompile>
    <ClCompile Include="be_aas_debug.c">
      <Filter>BotLib</Filter>
    </ClCompile>
    <ClCompile Include="be_aas_entity.c">
      <Filter>BotLib</Filter>
    </ClCompile>
    <ClCompile Include="be_aas_file.c">
      <Filter>BotLib</Filter>
    </ClCompile>
    <ClCompile Include="be_aas_main.c">
      <Filter>BotLib</Filter>
    </ClCompile>
    <ClCompile Include="be_aas_move.c">
      <Filter>BotLib</Filter>
    </ClCompile>
    <ClCompile Include="be_aas_optimize.c">
      <Filter>BotLib</Filter>
    </ClCompile>
    <ClCompile Include="be_aas_reach.c">
      <Filter>BotLib</Filter>
    </ClCompile>
    <ClCompile Include="be_aas_route.c">
      <Filter>BotLib</Filter>
    </ClCompile>
    <ClCompile Include="be_aas_routealt.c">
      <Filter>BotLib</Filter>
    </ClCompile>
    <ClCompile Include="be_aas_sample.c">
      <Filter>BotLib</Filter>
    </ClCompile>
    <ClCompile Include="be_ai_char.c">
      <Filter>BotLib</Filter>
    </ClCompile>
    <ClCompile Include="be_ai_chat.c">
      <Filter>BotLib</Filter>
    </ClCompile>
    <ClCompile Include="be_ai_gen.c">
      <Filter>BotLib</Filter>
    </ClCompile>
    <ClCompile Include="be_ai_goal.c">
      <Filter>BotLib</Filter>
    </ClCompile>
    <ClCompile Include="be_ai_move.c">
      <Filter>BotLib</Filter>
    </ClCompile>
    <ClCompile Include="be_ai_weap.c">
      <Filter>BotLib</Filter>
    </ClCompile>
    <ClCompile Include="be_ai_weight.c">
      <Filter>BotLib</Filter>
    </ClCompile>
    <ClCompile Include="be_ea.c">
      <Filter>BotLib</Filter>
    </ClCompile>
    <ClCompile Include="be_interface.c">
      <Filter>BotLib</Filter>
    </ClCompile>
    <ClCompile Include="l_crc.c">
      <Filter>BotLib</Filter>
    </ClCompile>
    <ClCompile Include="l_libvar.c">
      <Filter>BotLib</Filter>
    </ClCompile>
    <ClCompile Include="l_log.c">
      <Filter>BotLib</Filter>
    </ClCompile>
    <ClCompile Include="l_memory.c">
      <Filter>BotLib</Filter>
    </ClCompile>
    <ClCompile Include="l_precomp.c">
      <Filter>BotLib</Filter>
    </ClCompile>
    <ClCompile Include="l_script.c">
      <Filter>BotLib</Filter>
    </ClCompile>
    <ClCompile Include="l_struct.c">
      <Filter>BotLib</Filter>
    </ClCompile>
  </ItemGroup>
  <ItemGroup>
    <ClInclude Include="aasfile.h">
      <Filter>BotLib</Filter>
    </ClInclude>
    <ClInclude Include="be_aas_bsp.h">
      <Filter>BotLib</Filter>
    </ClInclude>
    <ClInclude Include="be_aas_cluster.h">
      <Filter>BotLib</Filter>
    </ClInclude>
    <ClInclude Include="be_aas_debug.h">
      <Filter>BotLib</Filter>
    </ClInclude>
    <ClInclude Include="be_aas_def.h">
      <Filter>BotLib</Filter>
    </ClInclude>
    <ClInclude Include="be_aas_entity.h">
      <Filter>BotLib</Filter>
    </ClInclude>
    <ClInclude Include="be_aas_file.h">
      <Filter>BotLib</Filter>
    </ClInclude>
    <ClInclude Include="be_aas_funcs.h">
      <Filter>BotLib</Filter>
    </ClInclude>
    <ClInclude Include="be_aas_main.h">
      <Filter>BotLib</Filter>
    </ClInclude>
    <ClInclude Include="be_aas_move.h">
      <Filter>BotLib</Filter>
    </ClInclude>
    <ClInclude Include="be_aas_optimize.h">
      <Filter>BotLib</Filter>
    </ClInclude>
    <ClInclude Include="be_aas_reach.h">
      <Filter>BotLib</Filter>
    </ClInclude>
    <ClInclude Include="be_aas_route.h">
      <Filter>BotLib</Filter>
    </ClInclude>
    <ClInclude Include="be_aas_routealt.h">
      <Filter>BotLib</Filter>
    </ClInclude>
    <ClInclude Include="be_aas_sample.h">
      <Filter>BotLib</Filter>
    </ClInclude>
    <ClInclude Include="be_ai_weight.h">
      <Filter>BotLib</Filter>
    </ClInclude>
    <ClInclude Include="be_interface.h">
      <Filter>BotLib</Filter>
    </ClInclude>
    <ClInclude Include="..\game\bg_public.h">
      <Filter>BotLib</Filter>
    </ClInclude>
    <ClInclude Include="..\qcommon\cm_public.h">
      <Filter>BotLib</Filter>
    </ClInclude>
    <ClInclude Include="..\game\g_public.h">
      <Filter>BotLib</Filter>
    </ClInclude>
    <ClInclude Include="l_crc.h">
      <Filter>BotLib</Filter>
    </ClInclude>
    <ClInclude Include="l_libvar.h">
      <Filter>BotLib</Filter>
    </ClInclude>
    <ClInclude Include="l_log.h">
      <Filter>BotLib</Filter>
    </ClInclude>
    <ClInclude Include="l_memory.h">
      <Filter>BotLib</Filter>
    </ClInclude>
    <ClInclude Include="l_precomp.h">
      <Filter>BotLib</Filter>
    </ClInclude>
    <ClInclude Include="l_script.h">
      <Filter>BotLib</Filter>
    </ClInclude>
    <ClInclude Include="l_struct.h">
      <Filter>BotLib</Filter>
    </ClInclude>
    <ClInclude Include="l_utils.h">
      <Filter>BotLib</Filter>
    </ClInclude>
    <ClInclude Include="be_aas.h">
      <Filter>BotLib</Filter>
    </ClInclude>
    <ClInclude Include="be_ai_char.h">
      <Filter>BotLib</Filter>
    </ClInclude>
    <ClInclude Include="be_ai_chat.h">
      <Filter>BotLib</Filter>
    </ClInclude>
    <ClInclude Include="be_ai_gen.h">
      <Filter>BotLib</Filter>
    </ClInclude>
    <ClInclude Include="be_ai_goal.h">
      <Filter>BotLib</Filter>
    </ClInclude>
    <ClInclude Include="be_ai_move.h">
      <Filter>BotLib</Filter>
    </ClInclude>
    <ClInclude Include="be_ai_weap.h">
      <Filter>BotLib</Filter>
    </ClInclude>
    <ClInclude Include="be_ea.h">
      <Filter>BotLib</Filter>
    </ClInclude>
    <ClInclude Include="botlib.h">
      <Filter>BotLib</Filter>
    </ClInclude>
  </ItemGroup>
</Project>