<?xml version="1.0" encoding="utf-8"?>
<Project ToolsVersion="4.0" xmlns="http://schemas.microsoft.com/developer/msbuild/2003">
  <ItemGroup>
    <Filter Include="Game">
      <UniqueIdentifier>{614cc469-54b2-4e4b-8217-78c9c5c28cc8}</UniqueIdentifier>
      <Extensions>cpp;c;cxx;rc;def;r;odl;hpj;bat;for;f90</Extensions>
    </Filter>
  </ItemGroup>
  <ItemGroup>
    <ClCompile Include="ai_chat.c">
      <Filter>Game</Filter>
    </ClCompile>
    <ClCompile Include="ai_cmd.c">
      <Filter>Game</Filter>
    </ClCompile>
    <ClCompile Include="ai_dmnet.c">
      <Filter>Game</Filter>
    </ClCompile>
    <ClCompile Include="ai_dmq3.c">
      <Filter>Game</Filter>
    </ClCompile>
    <ClCompile Include="ai_main.c">
      <Filter>Game</Filter>
    </ClCompile>
    <ClCompile Include="ai_team.c">
      <Filter>Game</Filter>
    </ClCompile>
    <ClCompile Include="ai_vcmd.c">
      <Filter>Game</Filter>
    </ClCompile>
    <ClCompile Include="bg_lib.c">
      <Filter>Game</Filter>
    </ClCompile>
    <ClCompile Include="bg_misc.c">
      <Filter>Game</Filter>
    </ClCompile>
    <ClCompile Include="bg_pmove.c">
      <Filter>Game</Filter>
    </ClCompile>
    <ClCompile Include="bg_slidemove.c">
      <Filter>Game</Filter>
    </ClCompile>
    <ClCompile Include="g_active.c">
      <Filter>Game</Filter>
    </ClCompile>
    <ClCompile Include="g_arenas.c">
      <Filter>Game</Filter>
    </ClCompile>
    <ClCompile Include="g_bot.c">
      <Filter>Game</Filter>
    </ClCompile>
    <ClCompile Include="g_client.c">
      <Filter>Game</Filter>
    </ClCompile>
    <ClCompile Include="g_cmds.c">
      <Filter>Game</Filter>
    </ClCompile>
    <ClCompile Include="g_combat.c">
      <Filter>Game</Filter>
    </ClCompile>
    <ClCompile Include="g_items.c">
      <Filter>Game</Filter>
    </ClCompile>
    <ClCompile Include="g_main.c">
      <Filter>Game</Filter>
    </ClCompile>
    <ClCompile Include="g_mem.c">
      <Filter>Game</Filter>
    </ClCompile>
    <ClCompile Include="g_misc.c">
      <Filter>Game</Filter>
    </ClCompile>
    <ClCompile Include="g_missile.c">
      <Filter>Game</Filter>
    </ClCompile>
    <ClCompile Include="g_mover.c">
      <Filter>Game</Filter>
    </ClCompile>
    <ClCompile Include="g_session.c">
      <Filter>Game</Filter>
    </ClCompile>
    <ClCompile Include="g_spawn.c">
      <Filter>Game</Filter>
    </ClCompile>
    <ClCompile Include="g_svcmds.c">
      <Filter>Game</Filter>
    </ClCompile>
    <ClCompile Include="g_syscalls.c">
      <Filter>Game</Filter>
    </ClCompile>
    <ClCompile Include="g_target.c">
      <Filter>Game</Filter>
    </ClCompile>
    <ClCompile Include="g_team.c">
      <Filter>Game</Filter>
    </ClCompile>
    <ClCompile Include="g_trigger.c">
      <Filter>Game</Filter>
    </ClCompile>
    <ClCompile Include="g_utils.c">
      <Filter>Game</Filter>
    </ClCompile>
    <ClCompile Include="g_weapon.c">
      <Filter>Game</Filter>
    </ClCompile>
    <ClCompile Include="..\qcommon\q_math.c">
      <Filter>Game</Filter>
    </ClCompile>
    <ClCompile Include="..\qcommon\q_shared.c">
      <Filter>Game</Filter>
    </ClCompile>
  </ItemGroup>
  <ItemGroup>
    <ClInclude Include="ai_chat.h">
      <Filter>Game</Filter>
    </ClInclude>
    <ClInclude Include="ai_cmd.h">
      <Filter>Game</Filter>
    </ClInclude>
    <ClInclude Include="ai_dmnet.h">
      <Filter>Game</Filter>
    </ClInclude>
    <ClInclude Include="ai_dmq3.h">
      <Filter>Game</Filter>
    </ClInclude>
    <ClInclude Include="ai_main.h">
      <Filter>Game</Filter>
    </ClInclude>
    <ClInclude Include="ai_team.h">
      <Filter>Game</Filter>
    </ClInclude>
    <ClInclude Include="ai_vcmd.h">
      <Filter>Game</Filter>
    </ClInclude>
    <ClInclude Include="bg_local.h">
      <Filter>Game</Filter>
    </ClInclude>
    <ClInclude Include="bg_public.h">
      <Filter>Game</Filter>
    </ClInclude>
    <ClInclude Include="chars.h">
      <Filter>Game</Filter>
    </ClInclude>
    <ClInclude Include="g_local.h">
      <Filter>Game</Filter>
    </ClInclude>
    <ClInclude Include="g_public.h">
      <Filter>Game</Filter>
    </ClInclude>
    <ClInclude Include="g_team.h">
      <Filter>Game</Filter>
    </ClInclude>
    <ClInclude Include="inv.h">
      <Filter>Game</Filter>
    </ClInclude>
    <ClInclude Include="match.h">
      <Filter>Game</Filter>
    </ClInclude>
    <ClInclude Include="..\qcommon\q_shared.h">
      <Filter>Game</Filter>
    </ClInclude>
  </ItemGroup>
</Project>