<?xml version="1.0" encoding="utf-8"?>
<Project ToolsVersion="4.0" xmlns="http://schemas.microsoft.com/developer/msbuild/2003">
  <ItemGroup>
    <Filter Include="CGame">
      <UniqueIdentifier>{00f5c3dc-0f78-4014-864e-b93f49d5514a}</UniqueIdentifier>
      <Extensions>c</Extensions>
    </Filter>
  </ItemGroup>
  <ItemGroup>
    <ClCompile Include="..\game\bg_lib.c">
      <Filter>CGame</Filter>
    </ClCompile>
    <ClCompile Include="..\game\bg_misc.c">
      <Filter>CGame</Filter>
    </ClCompile>
    <ClCompile Include="..\game\bg_pmove.c">
      <Filter>CGame</Filter>
    </ClCompile>
    <ClCompile Include="..\game\bg_slidemove.c">
      <Filter>CGame</Filter>
    </ClCompile>
    <ClCompile Include="cg_consolecmds.c">
      <Filter>CGame</Filter>
    </ClCompile>
    <ClCompile Include="cg_draw.c">
      <Filter>CGame</Filter>
    </ClCompile>
    <ClCompile Include="cg_drawtools.c">
      <Filter>CGame</Filter>
    </ClCompile>
    <ClCompile Include="cg_effects.c">
      <Filter>CGame</Filter>
    </ClCompile>
    <ClCompile Include="cg_ents.c">
      <Filter>CGame</Filter>
    </ClCompile>
    <ClCompile Include="cg_event.c">
      <Filter>CGame</Filter>
    </ClCompile>
    <ClCompile Include="cg_info.c">
      <Filter>CGame</Filter>
    </ClCompile>
    <ClCompile Include="cg_localents.c">
      <Filter>CGame</Filter>
    </ClCompile>
    <ClCompile Include="cg_main.c">
      <Filter>CGame</Filter>
    </ClCompile>
    <ClCompile Include="cg_marks.c">
      <Filter>CGame</Filter>
    </ClCompile>
    <ClCompile Include="cg_players.c">
      <Filter>CGame</Filter>
    </ClCompile>
    <ClCompile Include="cg_playerstate.c">
      <Filter>CGame</Filter>
    </ClCompile>
    <ClCompile Include="cg_predict.c">
      <Filter>CGame</Filter>
    </ClCompile>
    <ClCompile Include="cg_scoreboard.c">
      <Filter>CGame</Filter>
    </ClCompile>
    <ClCompile Include="cg_servercmds.c">
      <Filter>CGame</Filter>
    </ClCompile>
    <ClCompile Include="cg_snapshot.c">
      <Filter>CGame</Filter>
    </ClCompile>
    <ClCompile Include="cg_syscalls.c">
      <Filter>CGame</Filter>
    </ClCompile>
    <ClCompile Include="cg_view.c">
      <Filter>CGame</Filter>
    </ClCompile>
    <ClCompile Include="cg_weapons.c">
      <Filter>CGame</Filter>
    </ClCompile>
    <ClCompile Include="..\ui\ui_shared.c">
      <Filter>CGame</Filter>
    </ClCompile>
    <ClCompile Include="..\qcommon\q_math.c">
      <Filter>CGame</Filter>
    </ClCompile>
    <ClCompile Include="..\qcommon\q_shared.c">
      <Filter>CGame</Filter>
    </ClCompile>
    <ClCompile Include="cg_newdraw.c">
      <Filter>CGame</Filter>
    </ClCompile>
  </ItemGroup>
  <ItemGroup>
    <ClInclude Include="..\game\bg_public.h">
      <Filter>CGame</Filter>
    </ClInclude>
    <ClInclude Include="cg_local.h">
      <Filter>CGame</Filter>
    </ClInclude>
    <ClInclude Include="cg_public.h">
      <Filter>CGame</Filter>
    </ClInclude>
    <ClInclude Include="..\qcommon\q_shared.h">
      <Filter>CGame</Filter>
    </ClInclude>
  </ItemGroup>
</Project>